
Microsoft Visual Studio Solution File, Format Version 10.00
# Visual Studio 2008
Project("{8BC9CEB8-8B4A-11D0-8D11-00A0C91BC942}") = "hCRF", "..\libs\shared\hCRF\hCRF.vcproj", "{7C9F26EF-21D3-4C93-9C76-7BE249BB72CF}"
EndProject
Project("{8BC9CEB8-8B4A-11D0-8D11-00A0C91BC942}") = "testModel", "testModel\testModel.vcproj", "{75DB98AE-1935-4B1C-823E-968DE07CBDDD}"
	ProjectSection(ProjectDependencies) = postProject
		{7C9F26EF-21D3-4C93-9C76-7BE249BB72CF} = {7C9F26EF-21D3-4C93-9C76-7BE249BB72CF}
	EndProjectSection
EndProject
Project("{8BC9CEB8-8B4A-11D0-8D11-00A0C91BC942}") = "matHCRF", "matHCRF\matHCRF.vcproj", "{41FEFE06-8F19-4561-AA07-BD783DD21976}"
	ProjectSection(ProjectDependencies) = postProject
		{7C9F26EF-21D3-4C93-9C76-7BE249BB72CF} = {7C9F26EF-21D3-4C93-9C76-7BE249BB72CF}
	EndProjectSection
EndProject
Global
	GlobalSection(SolutionConfigurationPlatforms) = preSolution
		Debug|Win32 = Debug|Win32
		Debug|x64 = Debug|x64
		DebugOpenMP|Win32 = DebugOpenMP|Win32
		DebugOpenMP|x64 = DebugOpenMP|x64
		Release|Win32 = Release|Win32
		Release|x64 = Release|x64
		ReleaseOpenMP|Win32 = ReleaseOpenMP|Win32
		ReleaseOpenMP|x64 = ReleaseOpenMP|x64
	EndGlobalSection
	GlobalSection(ProjectConfigurationPlatforms) = postSolution
		{7C9F26EF-21D3-4C93-9C76-7BE249BB72CF}.Debug|Win32.ActiveCfg = Debug|Win32
		{7C9F26EF-21D3-4C93-9C76-7BE249BB72CF}.Debug|Win32.Build.0 = Debug|Win32
		{7C9F26EF-21D3-4C93-9C76-7BE249BB72CF}.Debug|x64.ActiveCfg = Debug|x64
		{7C9F26EF-21D3-4C93-9C76-7BE249BB72CF}.Debug|x64.Build.0 = Debug|x64
		{7C9F26EF-21D3-4C93-9C76-7BE249BB72CF}.DebugOpenMP|Win32.ActiveCfg = DebugOpenMP|Win32
		{7C9F26EF-21D3-4C93-9C76-7BE249BB72CF}.DebugOpenMP|Win32.Build.0 = DebugOpenMP|Win32
		{7C9F26EF-21D3-4C93-9C76-7BE249BB72CF}.DebugOpenMP|x64.ActiveCfg = DebugOpenMP|x64
		{7C9F26EF-21D3-4C93-9C76-7BE249BB72CF}.DebugOpenMP|x64.Build.0 = DebugOpenMP|x64
		{7C9F26EF-21D3-4C93-9C76-7BE249BB72CF}.Release|Win32.ActiveCfg = Release|Win32
		{7C9F26EF-21D3-4C93-9C76-7BE249BB72CF}.Release|Win32.Build.0 = Release|Win32
		{7C9F26EF-21D3-4C93-9C76-7BE249BB72CF}.Release|x64.ActiveCfg = Release|x64
		{7C9F26EF-21D3-4C93-9C76-7BE249BB72CF}.Release|x64.Build.0 = Release|x64
		{7C9F26EF-21D3-4C93-9C76-7BE249BB72CF}.ReleaseOpenMP|Win32.ActiveCfg = ReleaseOpenMP|Win32
		{7C9F26EF-21D3-4C93-9C76-7BE249BB72CF}.ReleaseOpenMP|Win32.Build.0 = ReleaseOpenMP|Win32
		{7C9F26EF-21D3-4C93-9C76-7BE249BB72CF}.ReleaseOpenMP|x64.ActiveCfg = ReleaseOpenMP|x64
		{7C9F26EF-21D3-4C93-9C76-7BE249BB72CF}.ReleaseOpenMP|x64.Build.0 = ReleaseOpenMP|x64
		{75DB98AE-1935-4B1C-823E-968DE07CBDDD}.Debug|Win32.ActiveCfg = Debug|Win32
		{75DB98AE-1935-4B1C-823E-968DE07CBDDD}.Debug|Win32.Build.0 = Debug|Win32
		{75DB98AE-1935-4B1C-823E-968DE07CBDDD}.Debug|x64.ActiveCfg = Debug|x64
		{75DB98AE-1935-4B1C-823E-968DE07CBDDD}.Debug|x64.Build.0 = Debug|x64
		{75DB98AE-1935-4B1C-823E-968DE07CBDDD}.DebugOpenMP|Win32.ActiveCfg = DebugOpenMP|Win32
		{75DB98AE-1935-4B1C-823E-968DE07CBDDD}.DebugOpenMP|Win32.Build.0 = DebugOpenMP|Win32
		{75DB98AE-1935-4B1C-823E-968DE07CBDDD}.DebugOpenMP|x64.ActiveCfg = DebugOpenMP|x64
		{75DB98AE-1935-4B1C-823E-968DE07CBDDD}.DebugOpenMP|x64.Build.0 = DebugOpenMP|x64
		{75DB98AE-1935-4B1C-823E-968DE07CBDDD}.Release|Win32.ActiveCfg = Release|Win32
		{75DB98AE-1935-4B1C-823E-968DE07CBDDD}.Release|Win32.Build.0 = Release|Win32
		{75DB98AE-1935-4B1C-823E-968DE07CBDDD}.Release|x64.ActiveCfg = Release|x64
		{75DB98AE-1935-4B1C-823E-968DE07CBDDD}.Release|x64.Build.0 = Release|x64
		{75DB98AE-1935-4B1C-823E-968DE07CBDDD}.ReleaseOpenMP|Win32.ActiveCfg = ReleaseOpenMP|Win32
		{75DB98AE-1935-4B1C-823E-968DE07CBDDD}.ReleaseOpenMP|Win32.Build.0 = ReleaseOpenMP|Win32
		{75DB98AE-1935-4B1C-823E-968DE07CBDDD}.ReleaseOpenMP|x64.ActiveCfg = ReleaseOpenMP|x64
		{75DB98AE-1935-4B1C-823E-968DE07CBDDD}.ReleaseOpenMP|x64.Build.0 = ReleaseOpenMP|x64
		{41FEFE06-8F19-4561-AA07-BD783DD21976}.Debug|Win32.ActiveCfg = Debug|Win32
		{41FEFE06-8F19-4561-AA07-BD783DD21976}.Debug|Win32.Build.0 = Debug|Win32
		{41FEFE06-8F19-4561-AA07-BD783DD21976}.Debug|x64.ActiveCfg = Debug|x64
		{41FEFE06-8F19-4561-AA07-BD783DD21976}.Debug|x64.Build.0 = Debug|x64
		{41FEFE06-8F19-4561-AA07-BD783DD21976}.DebugOpenMP|Win32.ActiveCfg = DebugOpenMP|Win32
		{41FEFE06-8F19-4561-AA07-BD783DD21976}.DebugOpenMP|Win32.Build.0 = DebugOpenMP|Win32
		{41FEFE06-8F19-4561-AA07-BD783DD21976}.DebugOpenMP|x64.ActiveCfg = DebugOpenMP|x64
		{41FEFE06-8F19-4561-AA07-BD783DD21976}.DebugOpenMP|x64.Build.0 = DebugOpenMP|x64
		{41FEFE06-8F19-4561-AA07-BD783DD21976}.Release|Win32.ActiveCfg = Release|Win32
		{41FEFE06-8F19-4561-AA07-BD783DD21976}.Release|Win32.Build.0 = Release|Win32
		{41FEFE06-8F19-4561-AA07-BD783DD21976}.Release|x64.ActiveCfg = Release|x64
		{41FEFE06-8F19-4561-AA07-BD783DD21976}.Release|x64.Build.0 = Release|x64
		{41FEFE06-8F19-4561-AA07-BD783DD21976}.ReleaseOpenMP|Win32.ActiveCfg = ReleaseOpenMP|Win32
		{41FEFE06-8F19-4561-AA07-BD783DD21976}.ReleaseOpenMP|Win32.Build.0 = ReleaseOpenMP|Win32
		{41FEFE06-8F19-4561-AA07-BD783DD21976}.ReleaseOpenMP|x64.ActiveCfg = ReleaseOpenMP|x64
		{41FEFE06-8F19-4561-AA07-BD783DD21976}.ReleaseOpenMP|x64.Build.0 = ReleaseOpenMP|x64
	EndGlobalSection
	GlobalSection(SolutionProperties) = preSolution
		HideSolutionNode = FALSE
	EndGlobalSection
EndGlobal
